
Microsoft Visual Studio Solution File, Format Version 12.00
# Visual Studio Version 17
VisualStudioVersion = 17.3.32811.315
MinimumVisualStudioVersion = 10.0.40219.1
Project("{9A19103F-16F7-4668-BE54-9A1E7A4F7556}") = "WebAPIGateWay", "WebAPIGateWay\WebAPIGateWay.csproj", "{73938C94-3608-4108-A18E-6111E7DDB3C1}"
EndProject
Project("{9A19103F-16F7-4668-BE54-9A1E7A4F7556}") = "UserServiceAPIGateWay", "UserServiceAPIGateWay\UserServiceAPIGateWay.csproj", "{71FAA763-9228-4FBB-8E20-ADE5266DAA24}"
EndProject
Project("{FAE04EC0-301F-11D3-BF4B-00C04F79EFBC}") = "EmployeeManagerService", "EmployeeManagerService\EmployeeManagerService.csproj", "{35687462-9AE7-416E-8E49-7928AEBBAED7}"
EndProject
Project("{FAE04EC0-301F-11D3-BF4B-00C04F79EFBC}") = "StudentDepartmentService", "StudentDepartmentService\StudentDepartmentService.csproj", "{C93C00B5-63D0-4F84-9E1E-AFC883BEB91C}"
EndProject
Project("{FAE04EC0-301F-11D3-BF4B-00C04F79EFBC}") = "OfficeLocationService", "OfficeLocationService\OfficeLocationService.csproj", "{C92DCB9F-7DAD-4A44-A552-73F1AF0F9741}"
EndProject
Global
	GlobalSection(SolutionConfigurationPlatforms) = preSolution
		Debug|Any CPU = Debug|Any CPU
		Release|Any CPU = Release|Any CPU
	EndGlobalSection
	GlobalSection(ProjectConfigurationPlatforms) = postSolution
		{73938C94-3608-4108-A18E-6111E7DDB3C1}.Debug|Any CPU.ActiveCfg = Debug|Any CPU
		{73938C94-3608-4108-A18E-6111E7DDB3C1}.Debug|Any CPU.Build.0 = Debug|Any CPU
		{73938C94-3608-4108-A18E-6111E7DDB3C1}.Release|Any CPU.ActiveCfg = Release|Any CPU
		{73938C94-3608-4108-A18E-6111E7DDB3C1}.Release|Any CPU.Build.0 = Release|Any CPU
		{71FAA763-9228-4FBB-8E20-ADE5266DAA24}.Debug|Any CPU.ActiveCfg = Debug|Any CPU
		{71FAA763-9228-4FBB-8E20-ADE5266DAA24}.Debug|Any CPU.Build.0 = Debug|Any CPU
		{71FAA763-9228-4FBB-8E20-ADE5266DAA24}.Release|Any CPU.ActiveCfg = Release|Any CPU
		{71FAA763-9228-4FBB-8E20-ADE5266DAA24}.Release|Any CPU.Build.0 = Release|Any CPU
		{35687462-9AE7-416E-8E49-7928AEBBAED7}.Debug|Any CPU.ActiveCfg = Debug|Any CPU
		{35687462-9AE7-416E-8E49-7928AEBBAED7}.Debug|Any CPU.Build.0 = Debug|Any CPU
		{35687462-9AE7-416E-8E49-7928AEBBAED7}.Release|Any CPU.ActiveCfg = Release|Any CPU
		{35687462-9AE7-416E-8E49-7928AEBBAED7}.Release|Any CPU.Build.0 = Release|Any CPU
		{C93C00B5-63D0-4F84-9E1E-AFC883BEB91C}.Debug|Any CPU.ActiveCfg = Debug|Any CPU
		{C93C00B5-63D0-4F84-9E1E-AFC883BEB91C}.Debug|Any CPU.Build.0 = Debug|Any CPU
		{C93C00B5-63D0-4F84-9E1E-AFC883BEB91C}.Release|Any CPU.ActiveCfg = Release|Any CPU
		{C93C00B5-63D0-4F84-9E1E-AFC883BEB91C}.Release|Any CPU.Build.0 = Release|Any CPU
		{C92DCB9F-7DAD-4A44-A552-73F1AF0F9741}.Debug|Any CPU.ActiveCfg = Debug|Any CPU
		{C92DCB9F-7DAD-4A44-A552-73F1AF0F9741}.Debug|Any CPU.Build.0 = Debug|Any CPU
		{C92DCB9F-7DAD-4A44-A552-73F1AF0F9741}.Release|Any CPU.ActiveCfg = Release|Any CPU
		{C92DCB9F-7DAD-4A44-A552-73F1AF0F9741}.Release|Any CPU.Build.0 = Release|Any CPU
	EndGlobalSection
	GlobalSection(SolutionProperties) = preSolution
		HideSolutionNode = FALSE
	EndGlobalSection
	GlobalSection(ExtensibilityGlobals) = postSolution
		SolutionGuid = {744CA365-DA40-4EBC-A83E-4E906A239F40}
	EndGlobalSection
EndGlobal
